// !$*UTF8*$!
{
	archiveVersion = 1;
	classes = {
	};
	objectVersion = 54;
	objects = {

/* Begin PBXBuildFile section */
		044AC4CD28A5398800CFC7D0 /* LoginView.swift in Sources */ = {isa = PBXBuildFile; fileRef = 044AC4CC28A5398800CFC7D0 /* LoginView.swift */; };
		044AC4CF28A53EB900CFC7D0 /* RegisterView.swift in Sources */ = {isa = PBXBuildFile; fileRef = 044AC4CE28A53EB800CFC7D0 /* RegisterView.swift */; };
		044AC4D528A5536A00CFC7D0 /* PhotoListView.swift in Sources */ = {isa = PBXBuildFile; fileRef = 044AC4D428A5536A00CFC7D0 /* PhotoListView.swift */; };
		044AC4D728A5555D00CFC7D0 /* MapView.swift in Sources */ = {isa = PBXBuildFile; fileRef = 044AC4D628A5555D00CFC7D0 /* MapView.swift */; };
		044AC4D928A555FD00CFC7D0 /* request.swift in Sources */ = {isa = PBXBuildFile; fileRef = 044AC4D828A555FD00CFC7D0 /* request.swift */; };
		044AC4DB28A5564100CFC7D0 /* photos.swift in Sources */ = {isa = PBXBuildFile; fileRef = 044AC4DA28A5564100CFC7D0 /* photos.swift */; };
		044AC4DD28A5571D00CFC7D0 /* photoMap.swift in Sources */ = {isa = PBXBuildFile; fileRef = 044AC4DC28A5571D00CFC7D0 /* photoMap.swift */; };
		044AC4DF28A5576500CFC7D0 /* PhotoDetail.swift in Sources */ = {isa = PBXBuildFile; fileRef = 044AC4DE28A5576500CFC7D0 /* PhotoDetail.swift */; };
		E0FE458328A4BDD100A4D5C9 /* AppDelegate.swift in Sources */ = {isa = PBXBuildFile; fileRef = E0FE458228A4BDD100A4D5C9 /* AppDelegate.swift */; };
		E0FE458528A4BDD100A4D5C9 /* SceneDelegate.swift in Sources */ = {isa = PBXBuildFile; fileRef = E0FE458428A4BDD100A4D5C9 /* SceneDelegate.swift */; };
		E0FE458728A4BDD100A4D5C9 /* ViewController.swift in Sources */ = {isa = PBXBuildFile; fileRef = E0FE458628A4BDD100A4D5C9 /* ViewController.swift */; };
		E0FE458A28A4BDD100A4D5C9 /* Main.storyboard in Resources */ = {isa = PBXBuildFile; fileRef = E0FE458828A4BDD100A4D5C9 /* Main.storyboard */; };
		E0FE458D28A4BDD100A4D5C9 /* ios_capstone.xcdatamodeld in Sources */ = {isa = PBXBuildFile; fileRef = E0FE458B28A4BDD100A4D5C9 /* ios_capstone.xcdatamodeld */; };
		E0FE458F28A4BDD300A4D5C9 /* Assets.xcassets in Resources */ = {isa = PBXBuildFile; fileRef = E0FE458E28A4BDD300A4D5C9 /* Assets.xcassets */; };
		E0FE459228A4BDD300A4D5C9 /* LaunchScreen.storyboard in Resources */ = {isa = PBXBuildFile; fileRef = E0FE459028A4BDD300A4D5C9 /* LaunchScreen.storyboard */; };
		E0FE459D28A4BDD400A4D5C9 /* ios_capstoneTests.swift in Sources */ = {isa = PBXBuildFile; fileRef = E0FE459C28A4BDD400A4D5C9 /* ios_capstoneTests.swift */; };
		E0FE45A828A4BDD400A4D5C9 /* ios_capstoneUITests.swift in Sources */ = {isa = PBXBuildFile; fileRef = E0FE45A728A4BDD400A4D5C9 /* ios_capstoneUITests.swift */; };
/* End PBXBuildFile section */

/* Begin PBXContainerItemProxy section */
		E0FE459928A4BDD400A4D5C9 /* PBXContainerItemProxy */ = {
			isa = PBXContainerItemProxy;
			containerPortal = E0FE457728A4BDD100A4D5C9 /* Project object */;
			proxyType = 1;
			remoteGlobalIDString = E0FE457E28A4BDD100A4D5C9;
			remoteInfo = ios_capstone;
		};
		E0FE45A428A4BDD400A4D5C9 /* PBXContainerItemProxy */ = {
			isa = PBXContainerItemProxy;
			containerPortal = E0FE457728A4BDD100A4D5C9 /* Project object */;
			proxyType = 1;
			remoteGlobalIDString = E0FE457E28A4BDD100A4D5C9;
			remoteInfo = ios_capstone;
		};
/* End PBXContainerItemProxy section */

/* Begin PBXFileReference section */
		044AC4CC28A5398800CFC7D0 /* LoginView.swift */ = {isa = PBXFileReference; lastKnownFileType = sourcecode.swift; name = LoginView.swift; path = ViewControllers/LoginView.swift; sourceTree = "<group>"; };
		044AC4CE28A53EB800CFC7D0 /* RegisterView.swift */ = {isa = PBXFileReference; lastKnownFileType = sourcecode.swift; name = RegisterView.swift; path = ViewControllers/RegisterView.swift; sourceTree = "<group>"; };
		044AC4D428A5536A00CFC7D0 /* PhotoListView.swift */ = {isa = PBXFileReference; lastKnownFileType = sourcecode.swift; name = PhotoListView.swift; path = ViewControllers/PhotoListView.swift; sourceTree = "<group>"; };
		044AC4D628A5555D00CFC7D0 /* MapView.swift */ = {isa = PBXFileReference; lastKnownFileType = sourcecode.swift; name = MapView.swift; path = ViewControllers/MapView.swift; sourceTree = "<group>"; };
		044AC4D828A555FD00CFC7D0 /* request.swift */ = {isa = PBXFileReference; lastKnownFileType = sourcecode.swift; name = request.swift; path = utils/request.swift; sourceTree = "<group>"; };
		044AC4DA28A5564100CFC7D0 /* photos.swift */ = {isa = PBXFileReference; lastKnownFileType = sourcecode.swift; name = photos.swift; path = structs/photos.swift; sourceTree = "<group>"; };
		044AC4DC28A5571D00CFC7D0 /* photoMap.swift */ = {isa = PBXFileReference; lastKnownFileType = sourcecode.swift; name = photoMap.swift; path = utils/photoMap.swift; sourceTree = "<group>"; };
		044AC4DE28A5576500CFC7D0 /* PhotoDetail.swift */ = {isa = PBXFileReference; lastKnownFileType = sourcecode.swift; name = PhotoDetail.swift; path = ViewControllers/PhotoDetail.swift; sourceTree = "<group>"; };
		E0FE457F28A4BDD100A4D5C9 /* ios_capstone.app */ = {isa = PBXFileReference; explicitFileType = wrapper.application; includeInIndex = 0; path = ios_capstone.app; sourceTree = BUILT_PRODUCTS_DIR; };
		E0FE458228A4BDD100A4D5C9 /* AppDelegate.swift */ = {isa = PBXFileReference; lastKnownFileType = sourcecode.swift; path = AppDelegate.swift; sourceTree = "<group>"; };
		E0FE458428A4BDD100A4D5C9 /* SceneDelegate.swift */ = {isa = PBXFileReference; lastKnownFileType = sourcecode.swift; path = SceneDelegate.swift; sourceTree = "<group>"; };
		E0FE458628A4BDD100A4D5C9 /* ViewController.swift */ = {isa = PBXFileReference; lastKnownFileType = sourcecode.swift; path = ViewController.swift; sourceTree = "<group>"; };
		E0FE458928A4BDD100A4D5C9 /* Base */ = {isa = PBXFileReference; lastKnownFileType = file.storyboard; name = Base; path = Base.lproj/Main.storyboard; sourceTree = "<group>"; };
		E0FE458C28A4BDD100A4D5C9 /* ios_capstone.xcdatamodel */ = {isa = PBXFileReference; lastKnownFileType = wrapper.xcdatamodel; path = ios_capstone.xcdatamodel; sourceTree = "<group>"; };
		E0FE458E28A4BDD300A4D5C9 /* Assets.xcassets */ = {isa = PBXFileReference; lastKnownFileType = folder.assetcatalog; path = Assets.xcassets; sourceTree = "<group>"; };
		E0FE459128A4BDD300A4D5C9 /* Base */ = {isa = PBXFileReference; lastKnownFileType = file.storyboard; name = Base; path = Base.lproj/LaunchScreen.storyboard; sourceTree = "<group>"; };
		E0FE459328A4BDD300A4D5C9 /* Info.plist */ = {isa = PBXFileReference; lastKnownFileType = text.plist.xml; path = Info.plist; sourceTree = "<group>"; };
		E0FE459828A4BDD400A4D5C9 /* ios_capstoneTests.xctest */ = {isa = PBXFileReference; explicitFileType = wrapper.cfbundle; includeInIndex = 0; path = ios_capstoneTests.xctest; sourceTree = BUILT_PRODUCTS_DIR; };
		E0FE459C28A4BDD400A4D5C9 /* ios_capstoneTests.swift */ = {isa = PBXFileReference; lastKnownFileType = sourcecode.swift; path = ios_capstoneTests.swift; sourceTree = "<group>"; };
		E0FE459E28A4BDD400A4D5C9 /* Info.plist */ = {isa = PBXFileReference; lastKnownFileType = text.plist.xml; path = Info.plist; sourceTree = "<group>"; };
		E0FE45A328A4BDD400A4D5C9 /* ios_capstoneUITests.xctest */ = {isa = PBXFileReference; explicitFileType = wrapper.cfbundle; includeInIndex = 0; path = ios_capstoneUITests.xctest; sourceTree = BUILT_PRODUCTS_DIR; };
		E0FE45A728A4BDD400A4D5C9 /* ios_capstoneUITests.swift */ = {isa = PBXFileReference; lastKnownFileType = sourcecode.swift; path = ios_capstoneUITests.swift; sourceTree = "<group>"; };
		E0FE45A928A4BDD400A4D5C9 /* Info.plist */ = {isa = PBXFileReference; lastKnownFileType = text.plist.xml; path = Info.plist; sourceTree = "<group>"; };
/* End PBXFileReference section */

/* Begin PBXFrameworksBuildPhase section */
		E0FE457C28A4BDD100A4D5C9 /* Frameworks */ = {
			isa = PBXFrameworksBuildPhase;
			buildActionMask = 2147483647;
			files = (
			);
			runOnlyForDeploymentPostprocessing = 0;
		};
		E0FE459528A4BDD400A4D5C9 /* Frameworks */ = {
			isa = PBXFrameworksBuildPhase;
			buildActionMask = 2147483647;
			files = (
			);
			runOnlyForDeploymentPostprocessing = 0;
		};
		E0FE45A028A4BDD400A4D5C9 /* Frameworks */ = {
			isa = PBXFrameworksBuildPhase;
			buildActionMask = 2147483647;
			files = (
			);
			runOnlyForDeploymentPostprocessing = 0;
		};
/* End PBXFrameworksBuildPhase section */

/* Begin PBXGroup section */
		E0FE457628A4BDD100A4D5C9 = {
			isa = PBXGroup;
			children = (
				E0FE458128A4BDD100A4D5C9 /* ios_capstone */,
				E0FE459B28A4BDD400A4D5C9 /* ios_capstoneTests */,
				E0FE45A628A4BDD400A4D5C9 /* ios_capstoneUITests */,
				E0FE458028A4BDD100A4D5C9 /* Products */,
			);
			sourceTree = "<group>";
		};
		E0FE458028A4BDD100A4D5C9 /* Products */ = {
			isa = PBXGroup;
			children = (
				E0FE457F28A4BDD100A4D5C9 /* ios_capstone.app */,
				E0FE459828A4BDD400A4D5C9 /* ios_capstoneTests.xctest */,
				E0FE45A328A4BDD400A4D5C9 /* ios_capstoneUITests.xctest */,
			);
			name = Products;
			sourceTree = "<group>";
		};
		E0FE458128A4BDD100A4D5C9 /* ios_capstone */ = {
			isa = PBXGroup;
			children = (
				044AC4DA28A5564100CFC7D0 /* photos.swift */,
				044AC4D828A555FD00CFC7D0 /* request.swift */,
				044AC4DC28A5571D00CFC7D0 /* photoMap.swift */,
				E0FE458228A4BDD100A4D5C9 /* AppDelegate.swift */,
				E0FE458428A4BDD100A4D5C9 /* SceneDelegate.swift */,
				E0FE458628A4BDD100A4D5C9 /* ViewController.swift */,
				044AC4CC28A5398800CFC7D0 /* LoginView.swift */,
				044AC4CE28A53EB800CFC7D0 /* RegisterView.swift */,
				044AC4D428A5536A00CFC7D0 /* PhotoListView.swift */,
				044AC4D628A5555D00CFC7D0 /* MapView.swift */,
				044AC4DE28A5576500CFC7D0 /* PhotoDetail.swift */,
				E0FE458828A4BDD100A4D5C9 /* Main.storyboard */,
				E0FE458E28A4BDD300A4D5C9 /* Assets.xcassets */,
				E0FE459028A4BDD300A4D5C9 /* LaunchScreen.storyboard */,
				E0FE459328A4BDD300A4D5C9 /* Info.plist */,
				E0FE458B28A4BDD100A4D5C9 /* ios_capstone.xcdatamodeld */,
			);
			path = ios_capstone;
			sourceTree = "<group>";
		};
		E0FE459B28A4BDD400A4D5C9 /* ios_capstoneTests */ = {
			isa = PBXGroup;
			children = (
				E0FE459C28A4BDD400A4D5C9 /* ios_capstoneTests.swift */,
				E0FE459E28A4BDD400A4D5C9 /* Info.plist */,
			);
			path = ios_capstoneTests;
			sourceTree = "<group>";
		};
		E0FE45A628A4BDD400A4D5C9 /* ios_capstoneUITests */ = {
			isa = PBXGroup;
			children = (
				E0FE45A728A4BDD400A4D5C9 /* ios_capstoneUITests.swift */,
				E0FE45A928A4BDD400A4D5C9 /* Info.plist */,
			);
			path = ios_capstoneUITests;
			sourceTree = "<group>";
		};
/* End PBXGroup section */

/* Begin PBXNativeTarget section */
		E0FE457E28A4BDD100A4D5C9 /* ios_capstone */ = {
			isa = PBXNativeTarget;
			buildConfigurationList = E0FE45AC28A4BDD400A4D5C9 /* Build configuration list for PBXNativeTarget "ios_capstone" */;
			buildPhases = (
				E0FE457B28A4BDD100A4D5C9 /* Sources */,
				E0FE457C28A4BDD100A4D5C9 /* Frameworks */,
				E0FE457D28A4BDD100A4D5C9 /* Resources */,
			);
			buildRules = (
			);
			dependencies = (
			);
			name = ios_capstone;
			productName = ios_capstone;
			productReference = E0FE457F28A4BDD100A4D5C9 /* ios_capstone.app */;
			productType = "com.apple.product-type.application";
		};
		E0FE459728A4BDD400A4D5C9 /* ios_capstoneTests */ = {
			isa = PBXNativeTarget;
			buildConfigurationList = E0FE45AF28A4BDD400A4D5C9 /* Build configuration list for PBXNativeTarget "ios_capstoneTests" */;
			buildPhases = (
				E0FE459428A4BDD400A4D5C9 /* Sources */,
				E0FE459528A4BDD400A4D5C9 /* Frameworks */,
				E0FE459628A4BDD400A4D5C9 /* Resources */,
			);
			buildRules = (
			);
			dependencies = (
				E0FE459A28A4BDD400A4D5C9 /* PBXTargetDependency */,
			);
			name = ios_capstoneTests;
			productName = ios_capstoneTests;
			productReference = E0FE459828A4BDD400A4D5C9 /* ios_capstoneTests.xctest */;
			productType = "com.apple.product-type.bundle.unit-test";
		};
		E0FE45A228A4BDD400A4D5C9 /* ios_capstoneUITests */ = {
			isa = PBXNativeTarget;
			buildConfigurationList = E0FE45B228A4BDD400A4D5C9 /* Build configuration list for PBXNativeTarget "ios_capstoneUITests" */;
			buildPhases = (
				E0FE459F28A4BDD400A4D5C9 /* Sources */,
				E0FE45A028A4BDD400A4D5C9 /* Frameworks */,
				E0FE45A128A4BDD400A4D5C9 /* Resources */,
			);
			buildRules = (
			);
			dependencies = (
				E0FE45A528A4BDD400A4D5C9 /* PBXTargetDependency */,
			);
			name = ios_capstoneUITests;
			productName = ios_capstoneUITests;
			productReference = E0FE45A328A4BDD400A4D5C9 /* ios_capstoneUITests.xctest */;
			productType = "com.apple.product-type.bundle.ui-testing";
		};
/* End PBXNativeTarget section */

/* Begin PBXProject section */
		E0FE457728A4BDD100A4D5C9 /* Project object */ = {
			isa = PBXProject;
			attributes = {
				LastSwiftUpdateCheck = 1240;
				LastUpgradeCheck = 1240;
				TargetAttributes = {
					E0FE457E28A4BDD100A4D5C9 = {
						CreatedOnToolsVersion = 12.4;
					};
					E0FE459728A4BDD400A4D5C9 = {
						CreatedOnToolsVersion = 12.4;
						TestTargetID = E0FE457E28A4BDD100A4D5C9;
					};
					E0FE45A228A4BDD400A4D5C9 = {
						CreatedOnToolsVersion = 12.4;
						TestTargetID = E0FE457E28A4BDD100A4D5C9;
					};
				};
			};
			buildConfigurationList = E0FE457A28A4BDD100A4D5C9 /* Build configuration list for PBXProject "ios_capstone" */;
			compatibilityVersion = "Xcode 12.0";
			developmentRegion = en;
			hasScannedForEncodings = 0;
			knownRegions = (
				en,
				Base,
			);
			mainGroup = E0FE457628A4BDD100A4D5C9;
			productRefGroup = E0FE458028A4BDD100A4D5C9 /* Products */;
			projectDirPath = "";
			projectRoot = "";
			targets = (
				E0FE457E28A4BDD100A4D5C9 /* ios_capstone */,
				E0FE459728A4BDD400A4D5C9 /* ios_capstoneTests */,
				E0FE45A228A4BDD400A4D5C9 /* ios_capstoneUITests */,
			);
		};
/* End PBXProject section */

/* Begin PBXResourcesBuildPhase section */
		E0FE457D28A4BDD100A4D5C9 /* Resources */ = {
			isa = PBXResourcesBuildPhase;
			buildActionMask = 2147483647;
			files = (
				E0FE459228A4BDD300A4D5C9 /* LaunchScreen.storyboard in Resources */,
				E0FE458F28A4BDD300A4D5C9 /* Assets.xcassets in Resources */,
				E0FE458A28A4BDD100A4D5C9 /* Main.storyboard in Resources */,
			);
			runOnlyForDeploymentPostprocessing = 0;
		};
		E0FE459628A4BDD400A4D5C9 /* Resources */ = {
			isa = PBXResourcesBuildPhase;
			buildActionMask = 2147483647;
			files = (
			);
			runOnlyForDeploymentPostprocessing = 0;
		};
		E0FE45A128A4BDD400A4D5C9 /* Resources */ = {
			isa = PBXResourcesBuildPhase;
			buildActionMask = 2147483647;
			files = (
			);
			runOnlyForDeploymentPostprocessing = 0;
		};
/* End PBXResourcesBuildPhase section */

/* Begin PBXSourcesBuildPhase section */
		E0FE457B28A4BDD100A4D5C9 /* Sources */ = {
			isa = PBXSourcesBuildPhase;
			buildActionMask = 2147483647;
			files = (
				E0FE458D28A4BDD100A4D5C9 /* ios_capstone.xcdatamodeld in Sources */,
				044AC4D728A5555D00CFC7D0 /* MapView.swift in Sources */,
				044AC4D928A555FD00CFC7D0 /* request.swift in Sources */,
				E0FE458728A4BDD100A4D5C9 /* ViewController.swift in Sources */,
				044AC4DB28A5564100CFC7D0 /* photos.swift in Sources */,
				044AC4DD28A5571D00CFC7D0 /* photoMap.swift in Sources */,
				E0FE458328A4BDD100A4D5C9 /* AppDelegate.swift in Sources */,
				044AC4D528A5536A00CFC7D0 /* PhotoListView.swift in Sources */,
				044AC4CF28A53EB900CFC7D0 /* RegisterView.swift in Sources */,
				044AC4DF28A5576500CFC7D0 /* PhotoDetail.swift in Sources */,
				044AC4CD28A5398800CFC7D0 /* LoginView.swift in Sources */,
				E0FE458528A4BDD100A4D5C9 /* SceneDelegate.swift in Sources */,
			);
			runOnlyForDeploymentPostprocessing = 0;
		};
		E0FE459428A4BDD400A4D5C9 /* Sources */ = {
			isa = PBXSourcesBuildPhase;
			buildActionMask = 2147483647;
			files = (
				E0FE459D28A4BDD400A4D5C9 /* ios_capstoneTests.swift in Sources */,
			);
			runOnlyForDeploymentPostprocessing = 0;
		};
		E0FE459F28A4BDD400A4D5C9 /* Sources */ = {
			isa = PBXSourcesBuildPhase;
			buildActionMask = 2147483647;
			files = (
				E0FE45A828A4BDD400A4D5C9 /* ios_capstoneUITests.swift in Sources */,
			);
			runOnlyForDeploymentPostprocessing = 0;
		};
/* End PBXSourcesBuildPhase section */

/* Begin PBXTargetDependency section */
		E0FE459A28A4BDD400A4D5C9 /* PBXTargetDependency */ = {
			isa = PBXTargetDependency;
			target = E0FE457E28A4BDD100A4D5C9 /* ios_capstone */;
			targetProxy = E0FE459928A4BDD400A4D5C9 /* PBXContainerItemProxy */;
		};
		E0FE45A528A4BDD400A4D5C9 /* PBXTargetDependency */ = {
			isa = PBXTargetDependency;
			target = E0FE457E28A4BDD100A4D5C9 /* ios_capstone */;
			targetProxy = E0FE45A428A4BDD400A4D5C9 /* PBXContainerItemProxy */;
		};
/* End PBXTargetDependency section */

/* Begin PBXVariantGroup section */
		E0FE458828A4BDD100A4D5C9 /* Main.storyboard */ = {
			isa = PBXVariantGroup;
			children = (
				E0FE458928A4BDD100A4D5C9 /* Base */,
			);
			name = Main.storyboard;
			sourceTree = "<group>";
		};
		E0FE459028A4BDD300A4D5C9 /* LaunchScreen.storyboard */ = {
			isa = PBXVariantGroup;
			children = (
				E0FE459128A4BDD300A4D5C9 /* Base */,
			);
			name = LaunchScreen.storyboard;
			sourceTree = "<group>";
		};
/* End PBXVariantGroup section */

/* Begin XCBuildConfiguration section */
		E0FE45AA28A4BDD400A4D5C9 /* Debug */ = {
			isa = XCBuildConfiguration;
			buildSettings = {
				ALWAYS_SEARCH_USER_PATHS = NO;
				CLANG_ANALYZER_NONNULL = YES;
				CLANG_ANALYZER_NUMBER_OBJECT_CONVERSION = YES_AGGRESSIVE;
				CLANG_CXX_LANGUAGE_STANDARD = "gnu++14";
				CLANG_CXX_LIBRARY = "libc++";
				CLANG_ENABLE_MODULES = YES;
				CLANG_ENABLE_OBJC_ARC = YES;
				CLANG_ENABLE_OBJC_WEAK = YES;
				CLANG_WARN_BLOCK_CAPTURE_AUTORELEASING = YES;
				CLANG_WARN_BOOL_CONVERSION = YES;
				CLANG_WARN_COMMA = YES;
				CLANG_WARN_CONSTANT_CONVERSION = YES;
				CLANG_WARN_DEPRECATED_OBJC_IMPLEMENTATIONS = YES;
				CLANG_WARN_DIRECT_OBJC_ISA_USAGE = YES_ERROR;
				CLANG_WARN_DOCUMENTATION_COMMENTS = YES;
				CLANG_WARN_EMPTY_BODY = YES;
				CLANG_WARN_ENUM_CONVERSION = YES;
				CLANG_WARN_INFINITE_RECURSION = YES;
				CLANG_WARN_INT_CONVERSION = YES;
				CLANG_WARN_NON_LITERAL_NULL_CONVERSION = YES;
				CLANG_WARN_OBJC_IMPLICIT_RETAIN_SELF = YES;
				CLANG_WARN_OBJC_LITERAL_CONVERSION = YES;
				CLANG_WARN_OBJC_ROOT_CLASS = YES_ERROR;
				CLANG_WARN_QUOTED_INCLUDE_IN_FRAMEWORK_HEADER = YES;
				CLANG_WARN_RANGE_LOOP_ANALYSIS = YES;
				CLANG_WARN_STRICT_PROTOTYPES = YES;
				CLANG_WARN_SUSPICIOUS_MOVE = YES;
				CLANG_WARN_UNGUARDED_AVAILABILITY = YES_AGGRESSIVE;
				CLANG_WARN_UNREACHABLE_CODE = YES;
				CLANG_WARN__DUPLICATE_METHOD_MATCH = YES;
				COPY_PHASE_STRIP = NO;
				DEBUG_INFORMATION_FORMAT = dwarf;
				ENABLE_STRICT_OBJC_MSGSEND = YES;
				ENABLE_TESTABILITY = YES;
				GCC_C_LANGUAGE_STANDARD = gnu11;
				GCC_DYNAMIC_NO_PIC = NO;
				GCC_NO_COMMON_BLOCKS = YES;
				GCC_OPTIMIZATION_LEVEL = 0;
				GCC_PREPROCESSOR_DEFINITIONS = (
					"DEBUG=1",
					"$(inherited)",
				);
				GCC_WARN_64_TO_32_BIT_CONVERSION = YES;
				GCC_WARN_ABOUT_RETURN_TYPE = YES_ERROR;
				GCC_WARN_UNDECLARED_SELECTOR = YES;
				GCC_WARN_UNINITIALIZED_AUTOS = YES_AGGRESSIVE;
				GCC_WARN_UNUSED_FUNCTION = YES;
				GCC_WARN_UNUSED_VARIABLE = YES;
				IPHONEOS_DEPLOYMENT_TARGET = 14.4;
				MTL_ENABLE_DEBUG_INFO = INCLUDE_SOURCE;
				MTL_FAST_MATH = YES;
				ONLY_ACTIVE_ARCH = YES;
				SDKROOT = iphoneos;
				SWIFT_ACTIVE_COMPILATION_CONDITIONS = DEBUG;
				SWIFT_OPTIMIZATION_LEVEL = "-Onone";
			};
			name = Debug;
		};
		E0FE45AB28A4BDD400A4D5C9 /* Release */ = {
			isa = XCBuildConfiguration;
			buildSettings = {
				ALWAYS_SEARCH_USER_PATHS = NO;
				CLANG_ANALYZER_NONNULL = YES;
				CLANG_ANALYZER_NUMBER_OBJECT_CONVERSION = YES_AGGRESSIVE;
				CLANG_CXX_LANGUAGE_STANDARD = "gnu++14";
				CLANG_CXX_LIBRARY = "libc++";
				CLANG_ENABLE_MODULES = YES;
				CLANG_ENABLE_OBJC_ARC = YES;
				CLANG_ENABLE_OBJC_WEAK = YES;
				CLANG_WARN_BLOCK_CAPTURE_AUTORELEASING = YES;
				CLANG_WARN_BOOL_CONVERSION = YES;
				CLANG_WARN_COMMA = YES;
				CLANG_WARN_CONSTANT_CONVERSION = YES;
				CLANG_WARN_DEPRECATED_OBJC_IMPLEMENTATIONS = YES;
				CLANG_WARN_DIRECT_OBJC_ISA_USAGE = YES_ERROR;
				CLANG_WARN_DOCUMENTATION_COMMENTS = YES;
				CLANG_WARN_EMPTY_BODY = YES;
				CLANG_WARN_ENUM_CONVERSION = YES;
				CLANG_WARN_INFINITE_RECURSION = YES;
				CLANG_WARN_INT_CONVERSION = YES;
				CLANG_WARN_NON_LITERAL_NULL_CONVERSION = YES;
				CLANG_WARN_OBJC_IMPLICIT_RETAIN_SELF = YES;
				CLANG_WARN_OBJC_LITERAL_CONVERSION = YES;
				CLANG_WARN_OBJC_ROOT_CLASS = YES_ERROR;
				CLANG_WARN_QUOTED_INCLUDE_IN_FRAMEWORK_HEADER = YES;
				CLANG_WARN_RANGE_LOOP_ANALYSIS = YES;
				CLANG_WARN_STRICT_PROTOTYPES = YES;
				CLANG_WARN_SUSPICIOUS_MOVE = YES;
				CLANG_WARN_UNGUARDED_AVAILABILITY = YES_AGGRESSIVE;
				CLANG_WARN_UNREACHABLE_CODE = YES;
				CLANG_WARN__DUPLICATE_METHOD_MATCH = YES;
				COPY_PHASE_STRIP = NO;
				DEBUG_INFORMATION_FORMAT = "dwarf-with-dsym";
				ENABLE_NS_ASSERTIONS = NO;
				ENABLE_STRICT_OBJC_MSGSEND = YES;
				GCC_C_LANGUAGE_STANDARD = gnu11;
				GCC_NO_COMMON_BLOCKS = YES;
				GCC_WARN_64_TO_32_BIT_CONVERSION = YES;
				GCC_WARN_ABOUT_RETURN_TYPE = YES_ERROR;
				GCC_WARN_UNDECLARED_SELECTOR = YES;
				GCC_WARN_UNINITIALIZED_AUTOS = YES_AGGRESSIVE;
				GCC_WARN_UNUSED_FUNCTION = YES;
				GCC_WARN_UNUSED_VARIABLE = YES;
				IPHONEOS_DEPLOYMENT_TARGET = 14.4;
				MTL_ENABLE_DEBUG_INFO = NO;
				MTL_FAST_MATH = YES;
				SDKROOT = iphoneos;
				SWIFT_COMPILATION_MODE = wholemodule;
				SWIFT_OPTIMIZATION_LEVEL = "-O";
				VALIDATE_PRODUCT = YES;
			};
			name = Release;
		};
		E0FE45AD28A4BDD400A4D5C9 /* Debug */ = {
			isa = XCBuildConfiguration;
			buildSettings = {
				ASSETCATALOG_COMPILER_APPICON_NAME = AppIcon;
				ASSETCATALOG_COMPILER_GLOBAL_ACCENT_COLOR_NAME = AccentColor;
				CODE_SIGN_STYLE = Automatic;
				INFOPLIST_FILE = ios_capstone/Info.plist;
				LD_RUNPATH_SEARCH_PATHS = (
					"$(inherited)",
					"@executable_path/Frameworks",
				);
				PRODUCT_BUNDLE_IDENTIFIER = "group3.ios-capstone";
				PRODUCT_NAME = "$(TARGET_NAME)";
				SWIFT_VERSION = 5.0;
				TARGETED_DEVICE_FAMILY = 1;
			};
			name = Debug;
		};
		E0FE45AE28A4BDD400A4D5C9 /* Release */ = {
			isa = XCBuildConfiguration;
			buildSettings = {
				ASSETCATALOG_COMPILER_APPICON_NAME = AppIcon;
				ASSETCATALOG_COMPILER_GLOBAL_ACCENT_COLOR_NAME = AccentColor;
				CODE_SIGN_STYLE = Automatic;
				INFOPLIST_FILE = ios_capstone/Info.plist;
				LD_RUNPATH_SEARCH_PATHS = (
					"$(inherited)",
					"@executable_path/Frameworks",
				);
				PRODUCT_BUNDLE_IDENTIFIER = "group3.ios-capstone";
				PRODUCT_NAME = "$(TARGET_NAME)";
				SWIFT_VERSION = 5.0;
				TARGETED_DEVICE_FAMILY = 1;
			};
			name = Release;
		};
		E0FE45B028A4BDD400A4D5C9 /* Debug */ = {
			isa = XCBuildConfiguration;
			buildSettings = {
				ALWAYS_EMBED_SWIFT_STANDARD_LIBRARIES = YES;
				BUNDLE_LOADER = "$(TEST_HOST)";
				CODE_SIGN_STYLE = Automatic;
				INFOPLIST_FILE = ios_capstoneTests/Info.plist;
				IPHONEOS_DEPLOYMENT_TARGET = 14.4;
				LD_RUNPATH_SEARCH_PATHS = (
					"$(inherited)",
					"@executable_path/Frameworks",
					"@loader_path/Frameworks",
				);
				PRODUCT_BUNDLE_IDENTIFIER = "group3.ios-capstoneTests";
				PRODUCT_NAME = "$(TARGET_NAME)";
				SWIFT_VERSION = 5.0;
				TARGETED_DEVICE_FAMILY = "1,2";
				TEST_HOST = "$(BUILT_PRODUCTS_DIR)/ios_capstone.app/ios_capstone";
			};
			name = Debug;
		};
		E0FE45B128A4BDD400A4D5C9 /* Release */ = {
			isa = XCBuildConfiguration;
			buildSettings = {
				ALWAYS_EMBED_SWIFT_STANDARD_LIBRARIES = YES;
				BUNDLE_LOADER = "$(TEST_HOST)";
				CODE_SIGN_STYLE = Automatic;
				INFOPLIST_FILE = ios_capstoneTests/Info.plist;
				IPHONEOS_DEPLOYMENT_TARGET = 14.4;
				LD_RUNPATH_SEARCH_PATHS = (
					"$(inherited)",
					"@executable_path/Frameworks",
					"@loader_path/Frameworks",
				);
				PRODUCT_BUNDLE_IDENTIFIER = "group3.ios-capstoneTests";
				PRODUCT_NAME = "$(TARGET_NAME)";
				SWIFT_VERSION = 5.0;
				TARGETED_DEVICE_FAMILY = "1,2";
				TEST_HOST = "$(BUILT_PRODUCTS_DIR)/ios_capstone.app/ios_capstone";
			};
			name = Release;
		};
		E0FE45B328A4BDD400A4D5C9 /* Debug */ = {
			isa = XCBuildConfiguration;
			buildSettings = {
				ALWAYS_EMBED_SWIFT_STANDARD_LIBRARIES = YES;
				CODE_SIGN_STYLE = Automatic;
				INFOPLIST_FILE = ios_capstoneUITests/Info.plist;
				LD_RUNPATH_SEARCH_PATHS = (
					"$(inherited)",
					"@executable_path/Frameworks",
					"@loader_path/Frameworks",
				);
				PRODUCT_BUNDLE_IDENTIFIER = "group3.ios-capstoneUITests";
				PRODUCT_NAME = "$(TARGET_NAME)";
				SWIFT_VERSION = 5.0;
				TARGETED_DEVICE_FAMILY = "1,2";
				TEST_TARGET_NAME = ios_capstone;
			};
			name = Debug;
		};
		E0FE45B428A4BDD400A4D5C9 /* Release */ = {
			isa = XCBuildConfiguration;
			buildSettings = {
				ALWAYS_EMBED_SWIFT_STANDARD_LIBRARIES = YES;
				CODE_SIGN_STYLE = Automatic;
				INFOPLIST_FILE = ios_capstoneUITests/Info.plist;
				LD_RUNPATH_SEARCH_PATHS = (
					"$(inherited)",
					"@executable_path/Frameworks",
					"@loader_path/Frameworks",
				);
				PRODUCT_BUNDLE_IDENTIFIER = "group3.ios-capstoneUITests";
				PRODUCT_NAME = "$(TARGET_NAME)";
				SWIFT_VERSION = 5.0;
				TARGETED_DEVICE_FAMILY = "1,2";
				TEST_TARGET_NAME = ios_capstone;
			};
			name = Release;
		};
/* End XCBuildConfiguration section */

/* Begin XCConfigurationList section */
		E0FE457A28A4BDD100A4D5C9 /* Build configuration list for PBXProject "ios_capstone" */ = {
			isa = XCConfigurationList;
			buildConfigurations = (
				E0FE45AA28A4BDD400A4D5C9 /* Debug */,
				E0FE45AB28A4BDD400A4D5C9 /* Release */,
			);
			defaultConfigurationIsVisible = 0;
			defaultConfigurationName = Release;
		};
		E0FE45AC28A4BDD400A4D5C9 /* Build configuration list for PBXNativeTarget "ios_capstone" */ = {
			isa = XCConfigurationList;
			buildConfigurations = (
				E0FE45AD28A4BDD400A4D5C9 /* Debug */,
				E0FE45AE28A4BDD400A4D5C9 /* Release */,
			);
			defaultConfigurationIsVisible = 0;
			defaultConfigurationName = Release;
		};
		E0FE45AF28A4BDD400A4D5C9 /* Build configuration list for PBXNativeTarget "ios_capstoneTests" */ = {
			isa = XCConfigurationList;
			buildConfigurations = (
				E0FE45B028A4BDD400A4D5C9 /* Debug */,
				E0FE45B128A4BDD400A4D5C9 /* Release */,
			);
			defaultConfigurationIsVisible = 0;
			defaultConfigurationName = Release;
		};
		E0FE45B228A4BDD400A4D5C9 /* Build configuration list for PBXNativeTarget "ios_capstoneUITests" */ = {
			isa = XCConfigurationList;
			buildConfigurations = (
				E0FE45B328A4BDD400A4D5C9 /* Debug */,
				E0FE45B428A4BDD400A4D5C9 /* Release */,
			);
			defaultConfigurationIsVisible = 0;
			defaultConfigurationName = Release;
		};
/* End XCConfigurationList section */

/* Begin XCVersionGroup section */
		E0FE458B28A4BDD100A4D5C9 /* ios_capstone.xcdatamodeld */ = {
			isa = XCVersionGroup;
			children = (
				E0FE458C28A4BDD100A4D5C9 /* ios_capstone.xcdatamodel */,
			);
			currentVersion = E0FE458C28A4BDD100A4D5C9 /* ios_capstone.xcdatamodel */;
			path = ios_capstone.xcdatamodeld;
			sourceTree = "<group>";
			versionGroupType = wrapper.xcdatamodel;
		};
/* End XCVersionGroup section */
	};
	rootObject = E0FE457728A4BDD100A4D5C9 /* Project object */;
}
